{
  "version": 4,
  "terraform_version": "1.3.7",
  "serial": 28,
  "lineage": "8e53798e-3813-08cb-3983-e708b433d194",
  "outputs": {},
  "resources": [
    {
      "mode": "managed",
      "type": "aws_launch_template",
      "name": "example",
      "provider": "provider[\"registry.terraform.io/hashicorp/aws\"]",
      "instances": [
        {
          "schema_version": 0,
          "attributes": {
            "arn": "arn:aws:ec2:us-east-1:172073986976:launch-template/lt-02159e6d2d688ba57",
            "block_device_mappings": [],
            "capacity_reservation_specification": [],
            "cpu_options": [],
            "credit_specification": [],
            "default_version": 1,
            "description": "",
            "disable_api_stop": false,
            "disable_api_termination": false,
            "ebs_optimized": "",
            "elastic_gpu_specifications": [],
            "elastic_inference_accelerator": [],
            "enclave_options": [],
            "hibernation_options": [],
            "iam_instance_profile": [],
            "id": "lt-02159e6d2d688ba57",
            "image_id": "ami-0c94855ba95c71c99",
            "instance_initiated_shutdown_behavior": "",
            "instance_market_options": [],
            "instance_requirements": [],
            "instance_type": "t2.micro",
            "kernel_id": "",
            "key_name": "",
            "latest_version": 2,
            "license_specification": [],
            "maintenance_options": [],
            "metadata_options": [],
            "monitoring": [],
            "name": "mityas-launch-template",
            "name_prefix": "",
            "network_interfaces": [],
            "placement": [],
            "private_dns_name_options": [],
            "ram_disk_id": "",
            "security_group_names": [],
            "tag_specifications": [],
            "tags": {},
            "tags_all": {},
            "update_default_version": null,
            "user_data": "IyEvYmluL2Jhc2gKc3VkbyBzdSAKIGFwdCBpbnN0YWxsIGFwYWhjZTIgCiBzeXN0ZW1jdGwgZW5hYmxlIGFwYWNoZTIgCiBzeXN0ZW1jdGwgc3RhcnQgYXBhY2hlMiAKZWNobyAiPGh0bWw+PGJvZHk+PGgxPkhlbGxvLCBXb3JsZCE8L2gxPjwvYm9keT48L2h0bWw+IiA+IGluZGV4Lmh0bWwKbm9odXAgcHl0aG9uIC1tIFNpbXBsZUhUVFBTZXJ2ZXIgODAgJg==",
            "vpc_security_group_ids": []
          },
          "sensitive_attributes": [],
          "private": "bnVsbA=="
        }
      ]
    }
  ],
  "check_results": null
}
